
Microsoft Visual Studio Solution File, Format Version 12.00
# Visual Studio Version 17
VisualStudioVersion = 17.7.34031.279
MinimumVisualStudioVersion = 10.0.40219.1
Project("{9A19103F-16F7-4668-BE54-9A1E7A4F7556}") = "alchemistri", "alchemistri.csproj", "{621BC997-6CA3-4F5E-9349-DAC6D8EC5D76}"
EndProject
Global
	GlobalSection(SolutionConfigurationPlatforms) = preSolution
		Debug|Any CPU = Debug|Any CPU
		Release|Any CPU = Release|Any CPU
	EndGlobalSection
	GlobalSection(ProjectConfigurationPlatforms) = postSolution
		{621BC997-6CA3-4F5E-9349-DAC6D8EC5D76}.Debug|Any CPU.ActiveCfg = Debug|Any CPU
		{621BC997-6CA3-4F5E-9349-DAC6D8EC5D76}.Debug|Any CPU.Build.0 = Debug|Any CPU
		{621BC997-6CA3-4F5E-9349-DAC6D8EC5D76}.Release|Any CPU.ActiveCfg = Release|Any CPU
		{621BC997-6CA3-4F5E-9349-DAC6D8EC5D76}.Release|Any CPU.Build.0 = Release|Any CPU
	EndGlobalSection
	GlobalSection(SolutionProperties) = preSolution
		HideSolutionNode = FALSE
	EndGlobalSection
	GlobalSection(ExtensibilityGlobals) = postSolution
		SolutionGuid = {4C99CD8B-E403-4AE8-AB02-8FFCA7DB96CA}
	EndGlobalSection
EndGlobal
